
Microsoft Visual Studio Solution File, Format Version 12.00
# Visual Studio Version 17
VisualStudioVersion = 17.9.34728.123
MinimumVisualStudioVersion = 10.0.40219.1
Project("{FAE04EC0-301F-11D3-BF4B-00C04F79EFBC}") = "Snake", "Snake\Snake.csproj", "{B5029D49-B49B-4CBB-A7CF-DB959F904706}"
EndProject
Global
	GlobalSection(SolutionConfigurationPlatforms) = preSolution
		Debug|Any CPU = Debug|Any CPU
		Release|Any CPU = Release|Any CPU
	EndGlobalSection
	GlobalSection(ProjectConfigurationPlatforms) = postSolution
		{B5029D49-B49B-4CBB-A7CF-DB959F904706}.Debug|Any CPU.ActiveCfg = Debug|Any CPU
		{B5029D49-B49B-4CBB-A7CF-DB959F904706}.Debug|Any CPU.Build.0 = Debug|Any CPU
		{B5029D49-B49B-4CBB-A7CF-DB959F904706}.Release|Any CPU.ActiveCfg = Release|Any CPU
		{B5029D49-B49B-4CBB-A7CF-DB959F904706}.Release|Any CPU.Build.0 = Release|Any CPU
	EndGlobalSection
	GlobalSection(SolutionProperties) = preSolution
		HideSolutionNode = FALSE
	EndGlobalSection
	GlobalSection(ExtensibilityGlobals) = postSolution
		SolutionGuid = {3BEEEED5-C315-4ED2-9275-5DD5E348C037}
	EndGlobalSection
EndGlobal
